// !$*UTF8*$!
{
	archiveVersion = 1;
	classes = {
	};
	objectVersion = 46;
	objects = {

/* Begin PBXBuildFile section */
		84062D171B6CD2A8001B8F11 /* main.m in Sources */ = {isa = PBXBuildFile; fileRef = 84062D161B6CD2A8001B8F11 /* main.m */; };
		84062D1A1B6CD2A8001B8F11 /* AppDelegate.m in Sources */ = {isa = PBXBuildFile; fileRef = 84062D191B6CD2A8001B8F11 /* AppDelegate.m */; };
		84062D1D1B6CD2A8001B8F11 /* Survey.xcdatamodeld in Sources */ = {isa = PBXBuildFile; fileRef = 84062D1B1B6CD2A8001B8F11 /* Survey.xcdatamodeld */; };
		84062D201B6CD2A8001B8F11 /* SurveyList_ViewController.m in Sources */ = {isa = PBXBuildFile; fileRef = 84062D1F1B6CD2A8001B8F11 /* SurveyList_ViewController.m */; };
		84062D231B6CD2A8001B8F11 /* Main.storyboard in Resources */ = {isa = PBXBuildFile; fileRef = 84062D211B6CD2A8001B8F11 /* Main.storyboard */; };
		84062D251B6CD2A8001B8F11 /* Images.xcassets in Resources */ = {isa = PBXBuildFile; fileRef = 84062D241B6CD2A8001B8F11 /* Images.xcassets */; };
		84062D281B6CD2A8001B8F11 /* LaunchScreen.xib in Resources */ = {isa = PBXBuildFile; fileRef = 84062D261B6CD2A8001B8F11 /* LaunchScreen.xib */; };
		84062D341B6CD2A8001B8F11 /* SurveyTests.m in Sources */ = {isa = PBXBuildFile; fileRef = 84062D331B6CD2A8001B8F11 /* SurveyTests.m */; };
		84062D451B6D161C001B8F11 /* RESTTask.m in Sources */ = {isa = PBXBuildFile; fileRef = 84062D441B6D161C001B8F11 /* RESTTask.m */; };
		84062D491B6D169A001B8F11 /* SurveyEngine.m in Sources */ = {isa = PBXBuildFile; fileRef = 84062D481B6D169A001B8F11 /* SurveyEngine.m */; };
		841AB6871B76728800900210 /* Session.m in Sources */ = {isa = PBXBuildFile; fileRef = 841AB6861B76728800900210 /* Session.m */; };
		84834CB81B6D31AB004C8147 /* Constants.m in Sources */ = {isa = PBXBuildFile; fileRef = 84834CB71B6D31AB004C8147 /* Constants.m */; };
		84834CBE1B6D3CF9004C8147 /* Survey.m in Sources */ = {isa = PBXBuildFile; fileRef = 84834CBD1B6D3CF9004C8147 /* Survey.m */; };
		84834CC11B6D51AC004C8147 /* Survey_TableViewCell.m in Sources */ = {isa = PBXBuildFile; fileRef = 84834CC01B6D51AC004C8147 /* Survey_TableViewCell.m */; };
		84834CFB1B6E0A2A004C8147 /* LoadingWrapper.m in Sources */ = {isa = PBXBuildFile; fileRef = 84834CFA1B6E0A2A004C8147 /* LoadingWrapper.m */; };
		8FDEBB14B312FA43591E5C57 /* libPods.a in Frameworks */ = {isa = PBXBuildFile; fileRef = 4B668B2AEE6D64BC4F5E1145 /* libPods.a */; };
/* End PBXBuildFile section */

/* Begin PBXContainerItemProxy section */
		84062D2E1B6CD2A8001B8F11 /* PBXContainerItemProxy */ = {
			isa = PBXContainerItemProxy;
			containerPortal = 84062D091B6CD2A8001B8F11 /* Project object */;
			proxyType = 1;
			remoteGlobalIDString = 84062D101B6CD2A8001B8F11;
			remoteInfo = Survey;
		};
/* End PBXContainerItemProxy section */

/* Begin PBXFileReference section */
		034D60151AFE1197A4A09BC8 /* Pods.debug.xcconfig */ = {isa = PBXFileReference; includeInIndex = 1; lastKnownFileType = text.xcconfig; name = Pods.debug.xcconfig; path = "Pods/Target Support Files/Pods/Pods.debug.xcconfig"; sourceTree = "<group>"; };
		4B668B2AEE6D64BC4F5E1145 /* libPods.a */ = {isa = PBXFileReference; explicitFileType = archive.ar; includeInIndex = 0; path = libPods.a; sourceTree = BUILT_PRODUCTS_DIR; };
		84062D111B6CD2A8001B8F11 /* Survey.app */ = {isa = PBXFileReference; explicitFileType = wrapper.application; includeInIndex = 0; path = Survey.app; sourceTree = BUILT_PRODUCTS_DIR; };
		84062D151B6CD2A8001B8F11 /* Info.plist */ = {isa = PBXFileReference; lastKnownFileType = text.plist.xml; path = Info.plist; sourceTree = "<group>"; };
		84062D161B6CD2A8001B8F11 /* main.m */ = {isa = PBXFileReference; lastKnownFileType = sourcecode.c.objc; path = main.m; sourceTree = "<group>"; };
		84062D181B6CD2A8001B8F11 /* AppDelegate.h */ = {isa = PBXFileReference; lastKnownFileType = sourcecode.c.h; path = AppDelegate.h; sourceTree = "<group>"; };
		84062D191B6CD2A8001B8F11 /* AppDelegate.m */ = {isa = PBXFileReference; lastKnownFileType = sourcecode.c.objc; path = AppDelegate.m; sourceTree = "<group>"; };
		84062D1C1B6CD2A8001B8F11 /* Survey.xcdatamodel */ = {isa = PBXFileReference; lastKnownFileType = wrapper.xcdatamodel; path = Survey.xcdatamodel; sourceTree = "<group>"; };
		84062D1E1B6CD2A8001B8F11 /* SurveyList_ViewController.h */ = {isa = PBXFileReference; lastKnownFileType = sourcecode.c.h; path = SurveyList_ViewController.h; sourceTree = "<group>"; };
		84062D1F1B6CD2A8001B8F11 /* SurveyList_ViewController.m */ = {isa = PBXFileReference; lastKnownFileType = sourcecode.c.objc; path = SurveyList_ViewController.m; sourceTree = "<group>"; };
		84062D221B6CD2A8001B8F11 /* Base */ = {isa = PBXFileReference; lastKnownFileType = file.storyboard; name = Base; path = Base.lproj/Main.storyboard; sourceTree = "<group>"; };
		84062D241B6CD2A8001B8F11 /* Images.xcassets */ = {isa = PBXFileReference; lastKnownFileType = folder.assetcatalog; path = Images.xcassets; sourceTree = "<group>"; };
		84062D271B6CD2A8001B8F11 /* Base */ = {isa = PBXFileReference; lastKnownFileType = file.xib; name = Base; path = Base.lproj/LaunchScreen.xib; sourceTree = "<group>"; };
		84062D2D1B6CD2A8001B8F11 /* SurveyTests.xctest */ = {isa = PBXFileReference; explicitFileType = wrapper.cfbundle; includeInIndex = 0; path = SurveyTests.xctest; sourceTree = BUILT_PRODUCTS_DIR; };
		84062D321B6CD2A8001B8F11 /* Info.plist */ = {isa = PBXFileReference; lastKnownFileType = text.plist.xml; path = Info.plist; sourceTree = "<group>"; };
		84062D331B6CD2A8001B8F11 /* SurveyTests.m */ = {isa = PBXFileReference; lastKnownFileType = sourcecode.c.objc; path = SurveyTests.m; sourceTree = "<group>"; };
		84062D431B6D161C001B8F11 /* RESTTask.h */ = {isa = PBXFileReference; fileEncoding = 4; lastKnownFileType = sourcecode.c.h; path = RESTTask.h; sourceTree = "<group>"; };
		84062D441B6D161C001B8F11 /* RESTTask.m */ = {isa = PBXFileReference; fileEncoding = 4; lastKnownFileType = sourcecode.c.objc; path = RESTTask.m; sourceTree = "<group>"; };
		84062D471B6D169A001B8F11 /* SurveyEngine.h */ = {isa = PBXFileReference; fileEncoding = 4; lastKnownFileType = sourcecode.c.h; path = SurveyEngine.h; sourceTree = "<group>"; };
		84062D481B6D169A001B8F11 /* SurveyEngine.m */ = {isa = PBXFileReference; fileEncoding = 4; lastKnownFileType = sourcecode.c.objc; path = SurveyEngine.m; sourceTree = "<group>"; };
		841AB6851B76728800900210 /* Session.h */ = {isa = PBXFileReference; fileEncoding = 4; lastKnownFileType = sourcecode.c.h; path = Session.h; sourceTree = "<group>"; };
		841AB6861B76728800900210 /* Session.m */ = {isa = PBXFileReference; fileEncoding = 4; lastKnownFileType = sourcecode.c.objc; path = Session.m; sourceTree = "<group>"; };
		84834CB61B6D31AB004C8147 /* Constants.h */ = {isa = PBXFileReference; fileEncoding = 4; lastKnownFileType = sourcecode.c.h; path = Constants.h; sourceTree = "<group>"; };
		84834CB71B6D31AB004C8147 /* Constants.m */ = {isa = PBXFileReference; fileEncoding = 4; lastKnownFileType = sourcecode.c.objc; path = Constants.m; sourceTree = "<group>"; };
		84834CB91B6D32DD004C8147 /* Survey-Prefix.pch */ = {isa = PBXFileReference; fileEncoding = 4; lastKnownFileType = sourcecode.c.h; path = "Survey-Prefix.pch"; sourceTree = "<group>"; };
		84834CBC1B6D3CF9004C8147 /* Survey.h */ = {isa = PBXFileReference; fileEncoding = 4; lastKnownFileType = sourcecode.c.h; path = Survey.h; sourceTree = "<group>"; };
		84834CBD1B6D3CF9004C8147 /* Survey.m */ = {isa = PBXFileReference; fileEncoding = 4; lastKnownFileType = sourcecode.c.objc; path = Survey.m; sourceTree = "<group>"; };
		84834CBF1B6D51AC004C8147 /* Survey_TableViewCell.h */ = {isa = PBXFileReference; fileEncoding = 4; lastKnownFileType = sourcecode.c.h; path = Survey_TableViewCell.h; sourceTree = "<group>"; };
		84834CC01B6D51AC004C8147 /* Survey_TableViewCell.m */ = {isa = PBXFileReference; fileEncoding = 4; lastKnownFileType = sourcecode.c.objc; path = Survey_TableViewCell.m; sourceTree = "<group>"; };
		84834CF91B6E0A2A004C8147 /* LoadingWrapper.h */ = {isa = PBXFileReference; fileEncoding = 4; lastKnownFileType = sourcecode.c.h; path = LoadingWrapper.h; sourceTree = "<group>"; };
		84834CFA1B6E0A2A004C8147 /* LoadingWrapper.m */ = {isa = PBXFileReference; fileEncoding = 4; lastKnownFileType = sourcecode.c.objc; path = LoadingWrapper.m; sourceTree = "<group>"; };
		DCEFDF8E20EC6F9D049FF00C /* Pods.release.xcconfig */ = {isa = PBXFileReference; includeInIndex = 1; lastKnownFileType = text.xcconfig; name = Pods.release.xcconfig; path = "Pods/Target Support Files/Pods/Pods.release.xcconfig"; sourceTree = "<group>"; };
/* End PBXFileReference section */

/* Begin PBXFrameworksBuildPhase section */
		84062D0E1B6CD2A8001B8F11 /* Frameworks */ = {
			isa = PBXFrameworksBuildPhase;
			buildActionMask = 2147483647;
			files = (
				8FDEBB14B312FA43591E5C57 /* libPods.a in Frameworks */,
			);
			runOnlyForDeploymentPostprocessing = 0;
		};
		84062D2A1B6CD2A8001B8F11 /* Frameworks */ = {
			isa = PBXFrameworksBuildPhase;
			buildActionMask = 2147483647;
			files = (
			);
			runOnlyForDeploymentPostprocessing = 0;
		};
/* End PBXFrameworksBuildPhase section */

/* Begin PBXGroup section */
		2A0D079B22AC55B5ACF18F44 /* Pods */ = {
			isa = PBXGroup;
			children = (
				034D60151AFE1197A4A09BC8 /* Pods.debug.xcconfig */,
				DCEFDF8E20EC6F9D049FF00C /* Pods.release.xcconfig */,
			);
			name = Pods;
			sourceTree = "<group>";
		};
		84062D081B6CD2A8001B8F11 = {
			isa = PBXGroup;
			children = (
				84062D131B6CD2A8001B8F11 /* Survey */,
				84062D401B6CED70001B8F11 /* Frameworks */,
				84062D301B6CD2A8001B8F11 /* SurveyTests */,
				84062D121B6CD2A8001B8F11 /* Products */,
				2A0D079B22AC55B5ACF18F44 /* Pods */,
			);
			sourceTree = "<group>";
		};
		84062D121B6CD2A8001B8F11 /* Products */ = {
			isa = PBXGroup;
			children = (
				84062D111B6CD2A8001B8F11 /* Survey.app */,
				84062D2D1B6CD2A8001B8F11 /* SurveyTests.xctest */,
			);
			name = Products;
			sourceTree = "<group>";
		};
		84062D131B6CD2A8001B8F11 /* Survey */ = {
			isa = PBXGroup;
			children = (
				84062D3D1B6CED2A001B8F11 /* AppDelegate */,
				84834CBB1B6D3CE6004C8147 /* Modal */,
				84062D3F1B6CED51001B8F11 /* Views */,
				84062D3E1B6CED37001B8F11 /* Controllers */,
				84062D461B6D167F001B8F11 /* Engine */,
				84062D421B6D15E4001B8F11 /* Rest */,
				84834CBA1B6D3CAA004C8147 /* Constants */,
				841AB6841B76726D00900210 /* Session */,
				84834CC41B6DD619004C8147 /* Utilities */,
				84062D411B6CED8C001B8F11 /* DB */,
				84062D241B6CD2A8001B8F11 /* Images.xcassets */,
				84062D141B6CD2A8001B8F11 /* Supporting Files */,
			);
			path = Survey;
			sourceTree = "<group>";
		};
		84062D141B6CD2A8001B8F11 /* Supporting Files */ = {
			isa = PBXGroup;
			children = (
				84062D151B6CD2A8001B8F11 /* Info.plist */,
				84062D161B6CD2A8001B8F11 /* main.m */,
				84834CB91B6D32DD004C8147 /* Survey-Prefix.pch */,
			);
			name = "Supporting Files";
			sourceTree = "<group>";
		};
		84062D301B6CD2A8001B8F11 /* SurveyTests */ = {
			isa = PBXGroup;
			children = (
				84062D331B6CD2A8001B8F11 /* SurveyTests.m */,
				84062D311B6CD2A8001B8F11 /* Supporting Files */,
			);
			path = SurveyTests;
			sourceTree = "<group>";
		};
		84062D311B6CD2A8001B8F11 /* Supporting Files */ = {
			isa = PBXGroup;
			children = (
				84062D321B6CD2A8001B8F11 /* Info.plist */,
			);
			name = "Supporting Files";
			sourceTree = "<group>";
		};
		84062D3D1B6CED2A001B8F11 /* AppDelegate */ = {
			isa = PBXGroup;
			children = (
				84062D181B6CD2A8001B8F11 /* AppDelegate.h */,
				84062D191B6CD2A8001B8F11 /* AppDelegate.m */,
			);
			name = AppDelegate;
			sourceTree = "<group>";
		};
		84062D3E1B6CED37001B8F11 /* Controllers */ = {
			isa = PBXGroup;
			children = (
				84062D1E1B6CD2A8001B8F11 /* SurveyList_ViewController.h */,
				84062D1F1B6CD2A8001B8F11 /* SurveyList_ViewController.m */,
				84834CBF1B6D51AC004C8147 /* Survey_TableViewCell.h */,
				84834CC01B6D51AC004C8147 /* Survey_TableViewCell.m */,
			);
			name = Controllers;
			sourceTree = "<group>";
		};
		84062D3F1B6CED51001B8F11 /* Views */ = {
			isa = PBXGroup;
			children = (
				84062D211B6CD2A8001B8F11 /* Main.storyboard */,
				84062D261B6CD2A8001B8F11 /* LaunchScreen.xib */,
			);
			name = Views;
			sourceTree = "<group>";
		};
		84062D401B6CED70001B8F11 /* Frameworks */ = {
			isa = PBXGroup;
			children = (
				4B668B2AEE6D64BC4F5E1145 /* libPods.a */,
			);
			name = Frameworks;
			path = SurveyTests;
			sourceTree = "<group>";
		};
		84062D411B6CED8C001B8F11 /* DB */ = {
			isa = PBXGroup;
			children = (
				84062D1B1B6CD2A8001B8F11 /* Survey.xcdatamodeld */,
			);
			name = DB;
			sourceTree = "<group>";
		};
		84062D421B6D15E4001B8F11 /* Rest */ = {
			isa = PBXGroup;
			children = (
				84062D431B6D161C001B8F11 /* RESTTask.h */,
				84062D441B6D161C001B8F11 /* RESTTask.m */,
			);
			name = Rest;
			sourceTree = "<group>";
		};
		84062D461B6D167F001B8F11 /* Engine */ = {
			isa = PBXGroup;
			children = (
				84062D471B6D169A001B8F11 /* SurveyEngine.h */,
				84062D481B6D169A001B8F11 /* SurveyEngine.m */,
			);
			name = Engine;
			sourceTree = "<group>";
		};
		841AB6841B76726D00900210 /* Session */ = {
			isa = PBXGroup;
			children = (
				841AB6851B76728800900210 /* Session.h */,
				841AB6861B76728800900210 /* Session.m */,
			);
			name = Session;
			sourceTree = "<group>";
		};
		84834CBA1B6D3CAA004C8147 /* Constants */ = {
			isa = PBXGroup;
			children = (
				84834CB61B6D31AB004C8147 /* Constants.h */,
				84834CB71B6D31AB004C8147 /* Constants.m */,
			);
			name = Constants;
			sourceTree = "<group>";
		};
		84834CBB1B6D3CE6004C8147 /* Modal */ = {
			isa = PBXGroup;
			children = (
				84834CBC1B6D3CF9004C8147 /* Survey.h */,
				84834CBD1B6D3CF9004C8147 /* Survey.m */,
			);
			name = Modal;
			sourceTree = "<group>";
		};
		84834CC41B6DD619004C8147 /* Utilities */ = {
			isa = PBXGroup;
			children = (
				84834CF81B6E0984004C8147 /* HudWrapper */,
			);
			name = Utilities;
			sourceTree = "<group>";
		};
		84834CF81B6E0984004C8147 /* HudWrapper */ = {
			isa = PBXGroup;
			children = (
				84834CF91B6E0A2A004C8147 /* LoadingWrapper.h */,
				84834CFA1B6E0A2A004C8147 /* LoadingWrapper.m */,
			);
			name = HudWrapper;
			sourceTree = "<group>";
		};
/* End PBXGroup section */

/* Begin PBXNativeTarget section */
		84062D101B6CD2A8001B8F11 /* Survey */ = {
			isa = PBXNativeTarget;
			buildConfigurationList = 84062D371B6CD2A8001B8F11 /* Build configuration list for PBXNativeTarget "Survey" */;
			buildPhases = (
				8398FE29BEB152C70CFC4F30 /* Check Pods Manifest.lock */,
				84062D0D1B6CD2A8001B8F11 /* Sources */,
				84062D0E1B6CD2A8001B8F11 /* Frameworks */,
				84062D0F1B6CD2A8001B8F11 /* Resources */,
				2396068EE56977704C297B57 /* Copy Pods Resources */,
			);
			buildRules = (
			);
			dependencies = (
			);
			name = Survey;
			productName = Survey;
			productReference = 84062D111B6CD2A8001B8F11 /* Survey.app */;
			productType = "com.apple.product-type.application";
		};
		84062D2C1B6CD2A8001B8F11 /* SurveyTests */ = {
			isa = PBXNativeTarget;
			buildConfigurationList = 84062D3A1B6CD2A8001B8F11 /* Build configuration list for PBXNativeTarget "SurveyTests" */;
			buildPhases = (
				84062D291B6CD2A8001B8F11 /* Sources */,
				84062D2A1B6CD2A8001B8F11 /* Frameworks */,
				84062D2B1B6CD2A8001B8F11 /* Resources */,
			);
			buildRules = (
			);
			dependencies = (
				84062D2F1B6CD2A8001B8F11 /* PBXTargetDependency */,
			);
			name = SurveyTests;
			productName = SurveyTests;
			productReference = 84062D2D1B6CD2A8001B8F11 /* SurveyTests.xctest */;
			productType = "com.apple.product-type.bundle.unit-test";
		};
/* End PBXNativeTarget section */

/* Begin PBXProject section */
		84062D091B6CD2A8001B8F11 /* Project object */ = {
			isa = PBXProject;
			attributes = {
				LastUpgradeCheck = 0630;
				ORGANIZATIONNAME = Amit;
				TargetAttributes = {
					84062D101B6CD2A8001B8F11 = {
						CreatedOnToolsVersion = 6.3;
					};
					84062D2C1B6CD2A8001B8F11 = {
						CreatedOnToolsVersion = 6.3;
						TestTargetID = 84062D101B6CD2A8001B8F11;
					};
				};
			};
			buildConfigurationList = 84062D0C1B6CD2A8001B8F11 /* Build configuration list for PBXProject "Survey" */;
			compatibilityVersion = "Xcode 3.2";
			developmentRegion = English;
			hasScannedForEncodings = 0;
			knownRegions = (
				en,
				Base,
			);
			mainGroup = 84062D081B6CD2A8001B8F11;
			productRefGroup = 84062D121B6CD2A8001B8F11 /* Products */;
			projectDirPath = "";
			projectRoot = "";
			targets = (
				84062D101B6CD2A8001B8F11 /* Survey */,
				84062D2C1B6CD2A8001B8F11 /* SurveyTests */,
			);
		};
/* End PBXProject section */

/* Begin PBXResourcesBuildPhase section */
		84062D0F1B6CD2A8001B8F11 /* Resources */ = {
			isa = PBXResourcesBuildPhase;
			buildActionMask = 2147483647;
			files = (
				84062D231B6CD2A8001B8F11 /* Main.storyboard in Resources */,
				84062D281B6CD2A8001B8F11 /* LaunchScreen.xib in Resources */,
				84062D251B6CD2A8001B8F11 /* Images.xcassets in Resources */,
			);
			runOnlyForDeploymentPostprocessing = 0;
		};
		84062D2B1B6CD2A8001B8F11 /* Resources */ = {
			isa = PBXResourcesBuildPhase;
			buildActionMask = 2147483647;
			files = (
			);
			runOnlyForDeploymentPostprocessing = 0;
		};
/* End PBXResourcesBuildPhase section */

/* Begin PBXShellScriptBuildPhase section */
		2396068EE56977704C297B57 /* Copy Pods Resources */ = {
			isa = PBXShellScriptBuildPhase;
			buildActionMask = 2147483647;
			files = (
			);
			inputPaths = (
			);
			name = "Copy Pods Resources";
			outputPaths = (
			);
			runOnlyForDeploymentPostprocessing = 0;
			shellPath = /bin/sh;
			shellScript = "\"${SRCROOT}/Pods/Target Support Files/Pods/Pods-resources.sh\"\n";
			showEnvVarsInLog = 0;
		};
		8398FE29BEB152C70CFC4F30 /* Check Pods Manifest.lock */ = {
			isa = PBXShellScriptBuildPhase;
			buildActionMask = 2147483647;
			files = (
			);
			inputPaths = (
			);
			name = "Check Pods Manifest.lock";
			outputPaths = (
			);
			runOnlyForDeploymentPostprocessing = 0;
			shellPath = /bin/sh;
			shellScript = "diff \"${PODS_ROOT}/../Podfile.lock\" \"${PODS_ROOT}/Manifest.lock\" > /dev/null\nif [[ $? != 0 ]] ; then\n    cat << EOM\nerror: The sandbox is not in sync with the Podfile.lock. Run 'pod install' or update your CocoaPods installation.\nEOM\n    exit 1\nfi\n";
			showEnvVarsInLog = 0;
		};
/* End PBXShellScriptBuildPhase section */

/* Begin PBXSourcesBuildPhase section */
		84062D0D1B6CD2A8001B8F11 /* Sources */ = {
			isa = PBXSourcesBuildPhase;
			buildActionMask = 2147483647;
			files = (
				84834CFB1B6E0A2A004C8147 /* LoadingWrapper.m in Sources */,
				84834CC11B6D51AC004C8147 /* Survey_TableViewCell.m in Sources */,
				84062D1A1B6CD2A8001B8F11 /* AppDelegate.m in Sources */,
				84834CBE1B6D3CF9004C8147 /* Survey.m in Sources */,
				841AB6871B76728800900210 /* Session.m in Sources */,
				84062D171B6CD2A8001B8F11 /* main.m in Sources */,
				84062D451B6D161C001B8F11 /* RESTTask.m in Sources */,
				84062D201B6CD2A8001B8F11 /* SurveyList_ViewController.m in Sources */,
				84062D1D1B6CD2A8001B8F11 /* Survey.xcdatamodeld in Sources */,
				84834CB81B6D31AB004C8147 /* Constants.m in Sources */,
				84062D491B6D169A001B8F11 /* SurveyEngine.m in Sources */,
			);
			runOnlyForDeploymentPostprocessing = 0;
		};
		84062D291B6CD2A8001B8F11 /* Sources */ = {
			isa = PBXSourcesBuildPhase;
			buildActionMask = 2147483647;
			files = (
				84062D341B6CD2A8001B8F11 /* SurveyTests.m in Sources */,
			);
			runOnlyForDeploymentPostprocessing = 0;
		};
/* End PBXSourcesBuildPhase section */

/* Begin PBXTargetDependency section */
		84062D2F1B6CD2A8001B8F11 /* PBXTargetDependency */ = {
			isa = PBXTargetDependency;
			target = 84062D101B6CD2A8001B8F11 /* Survey */;
			targetProxy = 84062D2E1B6CD2A8001B8F11 /* PBXContainerItemProxy */;
		};
/* End PBXTargetDependency section */

/* Begin PBXVariantGroup section */
		84062D211B6CD2A8001B8F11 /* Main.storyboard */ = {
			isa = PBXVariantGroup;
			children = (
				84062D221B6CD2A8001B8F11 /* Base */,
			);
			name = Main.storyboard;
			sourceTree = "<group>";
		};
		84062D261B6CD2A8001B8F11 /* LaunchScreen.xib */ = {
			isa = PBXVariantGroup;
			children = (
				84062D271B6CD2A8001B8F11 /* Base */,
			);
			name = LaunchScreen.xib;
			sourceTree = "<group>";
		};
/* End PBXVariantGroup section */

/* Begin XCBuildConfiguration section */
		84062D351B6CD2A8001B8F11 /* Debug */ = {
			isa = XCBuildConfiguration;
			buildSettings = {
				ALWAYS_SEARCH_USER_PATHS = NO;
				CLANG_CXX_LANGUAGE_STANDARD = "gnu++0x";
				CLANG_CXX_LIBRARY = "libc++";
				CLANG_ENABLE_MODULES = YES;
				CLANG_ENABLE_OBJC_ARC = YES;
				CLANG_WARN_BOOL_CONVERSION = YES;
				CLANG_WARN_CONSTANT_CONVERSION = YES;
				CLANG_WARN_DIRECT_OBJC_ISA_USAGE = YES_ERROR;
				CLANG_WARN_EMPTY_BODY = YES;
				CLANG_WARN_ENUM_CONVERSION = YES;
				CLANG_WARN_INT_CONVERSION = YES;
				CLANG_WARN_OBJC_ROOT_CLASS = YES_ERROR;
				CLANG_WARN_UNREACHABLE_CODE = YES;
				CLANG_WARN__DUPLICATE_METHOD_MATCH = YES;
				"CODE_SIGN_IDENTITY[sdk=iphoneos*]" = "iPhone Developer";
				COPY_PHASE_STRIP = NO;
				DEBUG_INFORMATION_FORMAT = "dwarf-with-dsym";
				ENABLE_STRICT_OBJC_MSGSEND = YES;
				GCC_C_LANGUAGE_STANDARD = gnu99;
				GCC_DYNAMIC_NO_PIC = NO;
				GCC_NO_COMMON_BLOCKS = YES;
				GCC_OPTIMIZATION_LEVEL = 0;
				GCC_PREPROCESSOR_DEFINITIONS = (
					"DEBUG=1",
					"$(inherited)",
				);
				GCC_SYMBOLS_PRIVATE_EXTERN = NO;
				GCC_WARN_64_TO_32_BIT_CONVERSION = YES;
				GCC_WARN_ABOUT_RETURN_TYPE = YES_ERROR;
				GCC_WARN_UNDECLARED_SELECTOR = YES;
				GCC_WARN_UNINITIALIZED_AUTOS = YES_AGGRESSIVE;
				GCC_WARN_UNUSED_FUNCTION = YES;
				GCC_WARN_UNUSED_VARIABLE = YES;
				IPHONEOS_DEPLOYMENT_TARGET = 7.0;
				MTL_ENABLE_DEBUG_INFO = YES;
				ONLY_ACTIVE_ARCH = NO;
				OTHER_LDFLAGS = "";
				SDKROOT = iphoneos;
				VALID_ARCHS = "armv7 armv7s arm64";
			};
			name = Debug;
		};
		84062D361B6CD2A8001B8F11 /* Release */ = {
			isa = XCBuildConfiguration;
			buildSettings = {
				ALWAYS_SEARCH_USER_PATHS = NO;
				CLANG_CXX_LANGUAGE_STANDARD = "gnu++0x";
				CLANG_CXX_LIBRARY = "libc++";
				CLANG_ENABLE_MODULES = YES;
				CLANG_ENABLE_OBJC_ARC = YES;
				CLANG_WARN_BOOL_CONVERSION = YES;
				CLANG_WARN_CONSTANT_CONVERSION = YES;
				CLANG_WARN_DIRECT_OBJC_ISA_USAGE = YES_ERROR;
				CLANG_WARN_EMPTY_BODY = YES;
				CLANG_WARN_ENUM_CONVERSION = YES;
				CLANG_WARN_INT_CONVERSION = YES;
				CLANG_WARN_OBJC_ROOT_CLASS = YES_ERROR;
				CLANG_WARN_UNREACHABLE_CODE = YES;
				CLANG_WARN__DUPLICATE_METHOD_MATCH = YES;
				"CODE_SIGN_IDENTITY[sdk=iphoneos*]" = "iPhone Developer";
				COPY_PHASE_STRIP = NO;
				DEBUG_INFORMATION_FORMAT = "dwarf-with-dsym";
				ENABLE_NS_ASSERTIONS = NO;
				ENABLE_STRICT_OBJC_MSGSEND = YES;
				GCC_C_LANGUAGE_STANDARD = gnu99;
				GCC_NO_COMMON_BLOCKS = YES;
				GCC_WARN_64_TO_32_BIT_CONVERSION = YES;
				GCC_WARN_ABOUT_RETURN_TYPE = YES_ERROR;
				GCC_WARN_UNDECLARED_SELECTOR = YES;
				GCC_WARN_UNINITIALIZED_AUTOS = YES_AGGRESSIVE;
				GCC_WARN_UNUSED_FUNCTION = YES;
				GCC_WARN_UNUSED_VARIABLE = YES;
				IPHONEOS_DEPLOYMENT_TARGET = 7.0;
				MTL_ENABLE_DEBUG_INFO = NO;
				ONLY_ACTIVE_ARCH = NO;
				OTHER_LDFLAGS = "";
				SDKROOT = iphoneos;
				VALIDATE_PRODUCT = YES;
				VALID_ARCHS = "armv7 armv7s arm64";
			};
			name = Release;
		};
		84062D381B6CD2A8001B8F11 /* Debug */ = {
			isa = XCBuildConfiguration;
			baseConfigurationReference = 034D60151AFE1197A4A09BC8 /* Pods.debug.xcconfig */;
			buildSettings = {
				ASSETCATALOG_COMPILER_APPICON_NAME = AppIcon;
				GCC_PRECOMPILE_PREFIX_HEADER = YES;
				INFOPLIST_FILE = Survey/Info.plist;
				IPHONEOS_DEPLOYMENT_TARGET = 7.0;
				LD_RUNPATH_SEARCH_PATHS = "$(inherited) @executable_path/Frameworks";
				ONLY_ACTIVE_ARCH = YES;
				OTHER_LDFLAGS = (
					"$(inherited)",
					"-ObjC",
				);
				PRODUCT_NAME = "$(TARGET_NAME)";
				TARGETED_DEVICE_FAMILY = 1;
			};
			name = Debug;
		};
		84062D391B6CD2A8001B8F11 /* Release */ = {
			isa = XCBuildConfiguration;
			baseConfigurationReference = DCEFDF8E20EC6F9D049FF00C /* Pods.release.xcconfig */;
			buildSettings = {
				ASSETCATALOG_COMPILER_APPICON_NAME = AppIcon;
				GCC_PRECOMPILE_PREFIX_HEADER = YES;
				INFOPLIST_FILE = Survey/Info.plist;
				IPHONEOS_DEPLOYMENT_TARGET = 7.0;
				LD_RUNPATH_SEARCH_PATHS = "$(inherited) @executable_path/Frameworks";
				ONLY_ACTIVE_ARCH = YES;
				OTHER_LDFLAGS = (
					"$(inherited)",
					"-ObjC",
				);
				PRODUCT_NAME = "$(TARGET_NAME)";
				TARGETED_DEVICE_FAMILY = 1;
			};
			name = Release;
		};
		84062D3B1B6CD2A8001B8F11 /* Debug */ = {
			isa = XCBuildConfiguration;
			buildSettings = {
				BUNDLE_LOADER = "$(TEST_HOST)";
				FRAMEWORK_SEARCH_PATHS = (
					"$(SDKROOT)/Developer/Library/Frameworks",
					"$(inherited)",
				);
				GCC_PREPROCESSOR_DEFINITIONS = (
					"DEBUG=1",
					"$(inherited)",
				);
				INFOPLIST_FILE = SurveyTests/Info.plist;
				LD_RUNPATH_SEARCH_PATHS = "$(inherited) @executable_path/Frameworks @loader_path/Frameworks";
				PRODUCT_NAME = "$(TARGET_NAME)";
				TEST_HOST = "$(BUILT_PRODUCTS_DIR)/Survey.app/Survey";
			};
			name = Debug;
		};
		84062D3C1B6CD2A8001B8F11 /* Release */ = {
			isa = XCBuildConfiguration;
			buildSettings = {
				BUNDLE_LOADER = "$(TEST_HOST)";
				FRAMEWORK_SEARCH_PATHS = (
					"$(SDKROOT)/Developer/Library/Frameworks",
					"$(inherited)",
				);
				INFOPLIST_FILE = SurveyTests/Info.plist;
				LD_RUNPATH_SEARCH_PATHS = "$(inherited) @executable_path/Frameworks @loader_path/Frameworks";
				PRODUCT_NAME = "$(TARGET_NAME)";
				TEST_HOST = "$(BUILT_PRODUCTS_DIR)/Survey.app/Survey";
			};
			name = Release;
		};
/* End XCBuildConfiguration section */

/* Begin XCConfigurationList section */
		84062D0C1B6CD2A8001B8F11 /* Build configuration list for PBXProject "Survey" */ = {
			isa = XCConfigurationList;
			buildConfigurations = (
				84062D351B6CD2A8001B8F11 /* Debug */,
				84062D361B6CD2A8001B8F11 /* Release */,
			);
			defaultConfigurationIsVisible = 0;
			defaultConfigurationName = Release;
		};
		84062D371B6CD2A8001B8F11 /* Build configuration list for PBXNativeTarget "Survey" */ = {
			isa = XCConfigurationList;
			buildConfigurations = (
				84062D381B6CD2A8001B8F11 /* Debug */,
				84062D391B6CD2A8001B8F11 /* Release */,
			);
			defaultConfigurationIsVisible = 0;
			defaultConfigurationName = Release;
		};
		84062D3A1B6CD2A8001B8F11 /* Build configuration list for PBXNativeTarget "SurveyTests" */ = {
			isa = XCConfigurationList;
			buildConfigurations = (
				84062D3B1B6CD2A8001B8F11 /* Debug */,
				84062D3C1B6CD2A8001B8F11 /* Release */,
			);
			defaultConfigurationIsVisible = 0;
			defaultConfigurationName = Release;
		};
/* End XCConfigurationList section */

/* Begin XCVersionGroup section */
		84062D1B1B6CD2A8001B8F11 /* Survey.xcdatamodeld */ = {
			isa = XCVersionGroup;
			children = (
				84062D1C1B6CD2A8001B8F11 /* Survey.xcdatamodel */,
			);
			currentVersion = 84062D1C1B6CD2A8001B8F11 /* Survey.xcdatamodel */;
			path = Survey.xcdatamodeld;
			sourceTree = "<group>";
			versionGroupType = wrapper.xcdatamodel;
		};
/* End XCVersionGroup section */
	};
	rootObject = 84062D091B6CD2A8001B8F11 /* Project object */;
}
